
Microsoft Visual Studio Solution File, Format Version 12.00
# Visual Studio 15
VisualStudioVersion = 15.0.26730.16
MinimumVisualStudioVersion = 10.0.40219.1
Project("{FAE04EC0-301F-11D3-BF4B-00C04F79EFBC}") = "DataTypesDemo", "DataTypesDemo\DataTypesDemo.csproj", "{08562476-5948-4FD5-9FC1-F8FA7D78845B}"
EndProject
Global
	GlobalSection(SolutionConfigurationPlatforms) = preSolution
		Debug|Any CPU = Debug|Any CPU
		Release|Any CPU = Release|Any CPU
	EndGlobalSection
	GlobalSection(ProjectConfigurationPlatforms) = postSolution
		{08562476-5948-4FD5-9FC1-F8FA7D78845B}.Debug|Any CPU.ActiveCfg = Debug|Any CPU
		{08562476-5948-4FD5-9FC1-F8FA7D78845B}.Debug|Any CPU.Build.0 = Debug|Any CPU
		{08562476-5948-4FD5-9FC1-F8FA7D78845B}.Release|Any CPU.ActiveCfg = Release|Any CPU
		{08562476-5948-4FD5-9FC1-F8FA7D78845B}.Release|Any CPU.Build.0 = Release|Any CPU
	EndGlobalSection
	GlobalSection(SolutionProperties) = preSolution
		HideSolutionNode = FALSE
	EndGlobalSection
	GlobalSection(ExtensibilityGlobals) = postSolution
		SolutionGuid = {EEB9DF16-41D0-48FD-94EE-0A22764882DA}
	EndGlobalSection
EndGlobal
